
Microsoft Visual Studio Solution File, Format Version 12.00
# Visual Studio Version 17
VisualStudioVersion = 17.0.32014.148
MinimumVisualStudioVersion = 10.0.40219.1
Project("{FAE04EC0-301F-11D3-BF4B-00C04F79EFBC}") = "CurrencyExchange", "CurrencyExchange\CurrencyExchange.csproj", "{F92F0357-D4D1-466B-939B-3F528918BE1C}"
EndProject
Global
	GlobalSection(SolutionConfigurationPlatforms) = preSolution
		Debug|Any CPU = Debug|Any CPU
		Release|Any CPU = Release|Any CPU
	EndGlobalSection
	GlobalSection(ProjectConfigurationPlatforms) = postSolution
		{F92F0357-D4D1-466B-939B-3F528918BE1C}.Debug|Any CPU.ActiveCfg = Debug|Any CPU
		{F92F0357-D4D1-466B-939B-3F528918BE1C}.Debug|Any CPU.Build.0 = Debug|Any CPU
		{F92F0357-D4D1-466B-939B-3F528918BE1C}.Release|Any CPU.ActiveCfg = Release|Any CPU
		{F92F0357-D4D1-466B-939B-3F528918BE1C}.Release|Any CPU.Build.0 = Release|Any CPU
	EndGlobalSection
	GlobalSection(SolutionProperties) = preSolution
		HideSolutionNode = FALSE
	EndGlobalSection
	GlobalSection(ExtensibilityGlobals) = postSolution
		SolutionGuid = {86F8D37D-35F2-4BBE-8709-7D947B3047F2}
	EndGlobalSection
EndGlobal
